
Microsoft Visual Studio Solution File, Format Version 12.00
# Visual Studio Version 17
VisualStudioVersion = 17.0.31903.59
MinimumVisualStudioVersion = 10.0.40219.1
Project("{FAE04EC0-301F-11D3-BF4B-00C04F79EFBC}") = "Demo_Product", "Demo_Product\Demo_Product.csproj", "{E0339058-4ED7-4EB2-AF44-07882F9AD741}"
EndProject
Project("{FAE04EC0-301F-11D3-BF4B-00C04F79EFBC}") = "EntityLayer", "EntityLayer\EntityLayer.csproj", "{88380846-2C95-459B-B96F-0C2EC9EA0D64}"
EndProject
Project("{FAE04EC0-301F-11D3-BF4B-00C04F79EFBC}") = "DataAccessLayer", "DataAccessLayer\DataAccessLayer.csproj", "{88EF95EF-6217-4657-AA2A-B2B08C0A4E30}"
EndProject
Project("{FAE04EC0-301F-11D3-BF4B-00C04F79EFBC}") = "BusinessLayer", "BusinessLayer\BusinessLayer.csproj", "{152CB71F-60EF-4A17-BFF6-DA9FE22C08FE}"
EndProject
Global
	GlobalSection(SolutionConfigurationPlatforms) = preSolution
		Debug|Any CPU = Debug|Any CPU
		Release|Any CPU = Release|Any CPU
	EndGlobalSection
	GlobalSection(SolutionProperties) = preSolution
		HideSolutionNode = FALSE
	EndGlobalSection
	GlobalSection(ProjectConfigurationPlatforms) = postSolution
		{E0339058-4ED7-4EB2-AF44-07882F9AD741}.Debug|Any CPU.ActiveCfg = Debug|Any CPU
		{E0339058-4ED7-4EB2-AF44-07882F9AD741}.Debug|Any CPU.Build.0 = Debug|Any CPU
		{E0339058-4ED7-4EB2-AF44-07882F9AD741}.Release|Any CPU.ActiveCfg = Release|Any CPU
		{E0339058-4ED7-4EB2-AF44-07882F9AD741}.Release|Any CPU.Build.0 = Release|Any CPU
		{88380846-2C95-459B-B96F-0C2EC9EA0D64}.Debug|Any CPU.ActiveCfg = Debug|Any CPU
		{88380846-2C95-459B-B96F-0C2EC9EA0D64}.Debug|Any CPU.Build.0 = Debug|Any CPU
		{88380846-2C95-459B-B96F-0C2EC9EA0D64}.Release|Any CPU.ActiveCfg = Release|Any CPU
		{88380846-2C95-459B-B96F-0C2EC9EA0D64}.Release|Any CPU.Build.0 = Release|Any CPU
		{88EF95EF-6217-4657-AA2A-B2B08C0A4E30}.Debug|Any CPU.ActiveCfg = Debug|Any CPU
		{88EF95EF-6217-4657-AA2A-B2B08C0A4E30}.Debug|Any CPU.Build.0 = Debug|Any CPU
		{88EF95EF-6217-4657-AA2A-B2B08C0A4E30}.Release|Any CPU.ActiveCfg = Release|Any CPU
		{88EF95EF-6217-4657-AA2A-B2B08C0A4E30}.Release|Any CPU.Build.0 = Release|Any CPU
		{152CB71F-60EF-4A17-BFF6-DA9FE22C08FE}.Debug|Any CPU.ActiveCfg = Debug|Any CPU
		{152CB71F-60EF-4A17-BFF6-DA9FE22C08FE}.Debug|Any CPU.Build.0 = Debug|Any CPU
		{152CB71F-60EF-4A17-BFF6-DA9FE22C08FE}.Release|Any CPU.ActiveCfg = Release|Any CPU
		{152CB71F-60EF-4A17-BFF6-DA9FE22C08FE}.Release|Any CPU.Build.0 = Release|Any CPU
	EndGlobalSection
EndGlobal
